
Microsoft Visual Studio Solution File, Format Version 12.00
Project("{FAE04EC0-301F-11D3-BF4B-00C04F79EFBC}") = "EngineMasters_BackEnd.API", "EngineMasters_BackEnd.API\EngineMasters_BackEnd.API.csproj", "{0CD8905B-6E3A-45E6-AB02-EF313C3A863D}"
	ProjectSection(ProjectDependencies) = postProject
		{8CA241D8-D4B0-4733-883F-688151E5AA91} = {8CA241D8-D4B0-4733-883F-688151E5AA91}
		{74128CA9-FDBC-4BD0-AA9A-FBD820D64BB0} = {74128CA9-FDBC-4BD0-AA9A-FBD820D64BB0}
		{3D40859D-1932-48C6-843A-155A685BA699} = {3D40859D-1932-48C6-843A-155A685BA699}
	EndProjectSection
EndProject
Project("{FAE04EC0-301F-11D3-BF4B-00C04F79EFBC}") = "EngineMasters_BackEnd.BLL", "EngineMasters_BackEnd.BLL\EngineMasters_BackEnd.BLL.csproj", "{74128CA9-FDBC-4BD0-AA9A-FBD820D64BB0}"
	ProjectSection(ProjectDependencies) = postProject
		{8CA241D8-D4B0-4733-883F-688151E5AA91} = {8CA241D8-D4B0-4733-883F-688151E5AA91}
	EndProjectSection
EndProject
Project("{FAE04EC0-301F-11D3-BF4B-00C04F79EFBC}") = "EngineMasters_BackEnd.DAL", "EngineMasters_BackEnd.DAL\EngineMasters_BackEnd.DAL.csproj", "{3D40859D-1932-48C6-843A-155A685BA699}"
	ProjectSection(ProjectDependencies) = postProject
		{8CA241D8-D4B0-4733-883F-688151E5AA91} = {8CA241D8-D4B0-4733-883F-688151E5AA91}
	EndProjectSection
EndProject
Project("{FAE04EC0-301F-11D3-BF4B-00C04F79EFBC}") = "EngineMasters_BackEnd.Data", "EngineMasters_BackEnd.Data\EngineMasters_BackEnd.Data.csproj", "{8CA241D8-D4B0-4733-883F-688151E5AA91}"
EndProject
Global
	GlobalSection(SolutionConfigurationPlatforms) = preSolution
		Debug|Any CPU = Debug|Any CPU
		Release|Any CPU = Release|Any CPU
	EndGlobalSection
	GlobalSection(ProjectConfigurationPlatforms) = postSolution
		{0CD8905B-6E3A-45E6-AB02-EF313C3A863D}.Debug|Any CPU.ActiveCfg = Debug|Any CPU
		{0CD8905B-6E3A-45E6-AB02-EF313C3A863D}.Debug|Any CPU.Build.0 = Debug|Any CPU
		{0CD8905B-6E3A-45E6-AB02-EF313C3A863D}.Release|Any CPU.ActiveCfg = Release|Any CPU
		{0CD8905B-6E3A-45E6-AB02-EF313C3A863D}.Release|Any CPU.Build.0 = Release|Any CPU
		{74128CA9-FDBC-4BD0-AA9A-FBD820D64BB0}.Debug|Any CPU.ActiveCfg = Debug|Any CPU
		{74128CA9-FDBC-4BD0-AA9A-FBD820D64BB0}.Debug|Any CPU.Build.0 = Debug|Any CPU
		{74128CA9-FDBC-4BD0-AA9A-FBD820D64BB0}.Release|Any CPU.ActiveCfg = Release|Any CPU
		{74128CA9-FDBC-4BD0-AA9A-FBD820D64BB0}.Release|Any CPU.Build.0 = Release|Any CPU
		{3D40859D-1932-48C6-843A-155A685BA699}.Debug|Any CPU.ActiveCfg = Debug|Any CPU
		{3D40859D-1932-48C6-843A-155A685BA699}.Debug|Any CPU.Build.0 = Debug|Any CPU
		{3D40859D-1932-48C6-843A-155A685BA699}.Release|Any CPU.ActiveCfg = Release|Any CPU
		{3D40859D-1932-48C6-843A-155A685BA699}.Release|Any CPU.Build.0 = Release|Any CPU
		{8CA241D8-D4B0-4733-883F-688151E5AA91}.Debug|Any CPU.ActiveCfg = Debug|Any CPU
		{8CA241D8-D4B0-4733-883F-688151E5AA91}.Debug|Any CPU.Build.0 = Debug|Any CPU
		{8CA241D8-D4B0-4733-883F-688151E5AA91}.Release|Any CPU.ActiveCfg = Release|Any CPU
		{8CA241D8-D4B0-4733-883F-688151E5AA91}.Release|Any CPU.Build.0 = Release|Any CPU
	EndGlobalSection
EndGlobal
